// !$*UTF8*$!
{
	archiveVersion = 1;
	classes = {
	};
	objectVersion = 46;
	objects = {

/* Begin PBXBuildFile section */
		090C12A21BFCEF2C008D1218 /* FBSDKCoreKit.framework in Frameworks */ = {isa = PBXBuildFile; fileRef = 090C12A01BFCEF2C008D1218 /* FBSDKCoreKit.framework */; };
		090C12A31BFCEF2C008D1218 /* FBSDKLoginKit.framework in Frameworks */ = {isa = PBXBuildFile; fileRef = 090C12A11BFCEF2C008D1218 /* FBSDKLoginKit.framework */; };
		0917AD891BECCCEC0061BB2B /* BackTableVC.swift in Sources */ = {isa = PBXBuildFile; fileRef = 0917AD881BECCCEC0061BB2B /* BackTableVC.swift */; };
		091B3AA81C0C1D0C00166A96 /* BackgroundAnimationViewController.swift in Sources */ = {isa = PBXBuildFile; fileRef = 091B3AA41C0C1D0C00166A96 /* BackgroundAnimationViewController.swift */; };
		091B3AAB1C0C1D0C00166A96 /* KolodaView.swift in Sources */ = {isa = PBXBuildFile; fileRef = 091B3AA71C0C1D0C00166A96 /* KolodaView.swift */; };
		091B3AAD1C0C203500166A96 /* DraggableCardView.swift in Sources */ = {isa = PBXBuildFile; fileRef = 091B3AAC1C0C203500166A96 /* DraggableCardView.swift */; };
		091B3AAF1C0C203C00166A96 /* OverlayView.swift in Sources */ = {isa = PBXBuildFile; fileRef = 091B3AAE1C0C203C00166A96 /* OverlayView.swift */; };
		091B3AB11C0C22DC00166A96 /* CustomKolodaView.swift in Sources */ = {isa = PBXBuildFile; fileRef = 091B3AB01C0C22DC00166A96 /* CustomKolodaView.swift */; };
		0921CCB51BFF3F9E00732331 /* CoreLocation.framework in Frameworks */ = {isa = PBXBuildFile; fileRef = 0921CCB41BFF3F9E00732331 /* CoreLocation.framework */; };
		092EF34E1BE9E89000A18B40 /* AppDelegate.swift in Sources */ = {isa = PBXBuildFile; fileRef = 092EF34D1BE9E89000A18B40 /* AppDelegate.swift */; };
		092EF3501BE9E89000A18B40 /* GetGeoData.swift in Sources */ = {isa = PBXBuildFile; fileRef = 092EF34F1BE9E89000A18B40 /* GetGeoData.swift */; };
		092EF3531BE9E89000A18B40 /* Main.storyboard in Resources */ = {isa = PBXBuildFile; fileRef = 092EF3511BE9E89000A18B40 /* Main.storyboard */; };
		092EF3551BE9E89000A18B40 /* Assets.xcassets in Resources */ = {isa = PBXBuildFile; fileRef = 092EF3541BE9E89000A18B40 /* Assets.xcassets */; };
		092EF3581BE9E89000A18B40 /* LaunchScreen.storyboard in Resources */ = {isa = PBXBuildFile; fileRef = 092EF3561BE9E89000A18B40 /* LaunchScreen.storyboard */; };
		092EF3631BE9E89000A18B40 /* SlideoutMenuTests.swift in Sources */ = {isa = PBXBuildFile; fileRef = 092EF3621BE9E89000A18B40 /* SlideoutMenuTests.swift */; };
		092EF36E1BE9E89000A18B40 /* SlideoutMenuUITests.swift in Sources */ = {isa = PBXBuildFile; fileRef = 092EF36D1BE9E89000A18B40 /* SlideoutMenuUITests.swift */; };
		096267B51C25D2120067EE02 /* SWRevealViewController.m in Sources */ = {isa = PBXBuildFile; fileRef = 096267B31C25D2120067EE02 /* SWRevealViewController.m */; };
		097E2AE61BFB42C800BA7759 /* Swipe.swift in Sources */ = {isa = PBXBuildFile; fileRef = 097E2AE51BFB42C800BA7759 /* Swipe.swift */; };
		097E2AEE1BFCD88C00BA7759 /* FbLoginController.swift in Sources */ = {isa = PBXBuildFile; fileRef = 097E2AED1BFCD88C00BA7759 /* FbLoginController.swift */; };
		0989024A1BFCF96D009397D8 /* Bolts.framework in Frameworks */ = {isa = PBXBuildFile; fileRef = 098902491BFCF96D009397D8 /* Bolts.framework */; };
		09D9B0D61C1C00E800AB45E5 /* CustomOverlayView.swift in Sources */ = {isa = PBXBuildFile; fileRef = 09D9B0D51C1C00E800AB45E5 /* CustomOverlayView.swift */; };
		09D9B0D81C1C027A00AB45E5 /* CustomOverlayView.xib in Resources */ = {isa = PBXBuildFile; fileRef = 09D9B0D71C1C027A00AB45E5 /* CustomOverlayView.xib */; };
		09D9B0DA1C1C034900AB45E5 /* ExampleOverlayView.swift in Sources */ = {isa = PBXBuildFile; fileRef = 09D9B0D91C1C034900AB45E5 /* ExampleOverlayView.swift */; };
		7C6E718FC79393F3F514CDA6 /* Pods_SlideoutMenu.framework in Frameworks */ = {isa = PBXBuildFile; fileRef = 8613A9DC8D131C5B21616983 /* Pods_SlideoutMenu.framework */; };
/* End PBXBuildFile section */

/* Begin PBXContainerItemProxy section */
		092EF35F1BE9E89000A18B40 /* PBXContainerItemProxy */ = {
			isa = PBXContainerItemProxy;
			containerPortal = 092EF3421BE9E89000A18B40 /* Project object */;
			proxyType = 1;
			remoteGlobalIDString = 092EF3491BE9E89000A18B40;
			remoteInfo = SlideoutMenu;
		};
		092EF36A1BE9E89000A18B40 /* PBXContainerItemProxy */ = {
			isa = PBXContainerItemProxy;
			containerPortal = 092EF3421BE9E89000A18B40 /* Project object */;
			proxyType = 1;
			remoteGlobalIDString = 092EF3491BE9E89000A18B40;
			remoteInfo = SlideoutMenu;
		};
/* End PBXContainerItemProxy section */

/* Begin PBXFileReference section */
		090C12A01BFCEF2C008D1218 /* FBSDKCoreKit.framework */ = {isa = PBXFileReference; lastKnownFileType = wrapper.framework; path = FBSDKCoreKit.framework; sourceTree = "<group>"; };
		090C12A11BFCEF2C008D1218 /* FBSDKLoginKit.framework */ = {isa = PBXFileReference; lastKnownFileType = wrapper.framework; path = FBSDKLoginKit.framework; sourceTree = "<group>"; };
		0917AD841BECC6990061BB2B /* SlideoutMenu-Bridging-Header.h */ = {isa = PBXFileReference; lastKnownFileType = sourcecode.c.h; path = "SlideoutMenu-Bridging-Header.h"; sourceTree = "<group>"; };
		0917AD881BECCCEC0061BB2B /* BackTableVC.swift */ = {isa = PBXFileReference; fileEncoding = 4; lastKnownFileType = sourcecode.swift; path = BackTableVC.swift; sourceTree = "<group>"; };
		091B3AA41C0C1D0C00166A96 /* BackgroundAnimationViewController.swift */ = {isa = PBXFileReference; fileEncoding = 4; lastKnownFileType = sourcecode.swift; path = BackgroundAnimationViewController.swift; sourceTree = "<group>"; };
		091B3AA71C0C1D0C00166A96 /* KolodaView.swift */ = {isa = PBXFileReference; fileEncoding = 4; lastKnownFileType = sourcecode.swift; path = KolodaView.swift; sourceTree = "<group>"; };
		091B3AAC1C0C203500166A96 /* DraggableCardView.swift */ = {isa = PBXFileReference; fileEncoding = 4; lastKnownFileType = sourcecode.swift; name = DraggableCardView.swift; path = DraggableCardView/DraggableCardView.swift; sourceTree = "<group>"; };
		091B3AAE1C0C203C00166A96 /* OverlayView.swift */ = {isa = PBXFileReference; fileEncoding = 4; lastKnownFileType = sourcecode.swift; name = OverlayView.swift; path = OverlayView/OverlayView.swift; sourceTree = "<group>"; };
		091B3AB01C0C22DC00166A96 /* CustomKolodaView.swift */ = {isa = PBXFileReference; fileEncoding = 4; lastKnownFileType = sourcecode.swift; path = CustomKolodaView.swift; sourceTree = "<group>"; };
		0921CCB41BFF3F9E00732331 /* CoreLocation.framework */ = {isa = PBXFileReference; lastKnownFileType = wrapper.framework; name = CoreLocation.framework; path = System/Library/Frameworks/CoreLocation.framework; sourceTree = SDKROOT; };
		092EF34A1BE9E89000A18B40 /* SlideoutMenu.app */ = {isa = PBXFileReference; explicitFileType = wrapper.application; includeInIndex = 0; path = SlideoutMenu.app; sourceTree = BUILT_PRODUCTS_DIR; };
		092EF34D1BE9E89000A18B40 /* AppDelegate.swift */ = {isa = PBXFileReference; lastKnownFileType = sourcecode.swift; path = AppDelegate.swift; sourceTree = "<group>"; };
		092EF34F1BE9E89000A18B40 /* GetGeoData.swift */ = {isa = PBXFileReference; lastKnownFileType = sourcecode.swift; path = GetGeoData.swift; sourceTree = "<group>"; };
		092EF3521BE9E89000A18B40 /* Base */ = {isa = PBXFileReference; lastKnownFileType = file.storyboard; name = Base; path = Base.lproj/Main.storyboard; sourceTree = "<group>"; };
		092EF3541BE9E89000A18B40 /* Assets.xcassets */ = {isa = PBXFileReference; lastKnownFileType = folder.assetcatalog; path = Assets.xcassets; sourceTree = "<group>"; };
		092EF3571BE9E89000A18B40 /* Base */ = {isa = PBXFileReference; lastKnownFileType = file.storyboard; name = Base; path = Base.lproj/LaunchScreen.storyboard; sourceTree = "<group>"; };
		092EF3591BE9E89000A18B40 /* Info.plist */ = {isa = PBXFileReference; lastKnownFileType = text.plist.xml; path = Info.plist; sourceTree = "<group>"; };
		092EF35E1BE9E89000A18B40 /* SlideoutMenuTests.xctest */ = {isa = PBXFileReference; explicitFileType = wrapper.cfbundle; includeInIndex = 0; path = SlideoutMenuTests.xctest; sourceTree = BUILT_PRODUCTS_DIR; };
		092EF3621BE9E89000A18B40 /* SlideoutMenuTests.swift */ = {isa = PBXFileReference; lastKnownFileType = sourcecode.swift; path = SlideoutMenuTests.swift; sourceTree = "<group>"; };
		092EF3641BE9E89000A18B40 /* Info.plist */ = {isa = PBXFileReference; lastKnownFileType = text.plist.xml; path = Info.plist; sourceTree = "<group>"; };
		092EF3691BE9E89000A18B40 /* SlideoutMenuUITests.xctest */ = {isa = PBXFileReference; explicitFileType = wrapper.cfbundle; includeInIndex = 0; path = SlideoutMenuUITests.xctest; sourceTree = BUILT_PRODUCTS_DIR; };
		092EF36D1BE9E89000A18B40 /* SlideoutMenuUITests.swift */ = {isa = PBXFileReference; lastKnownFileType = sourcecode.swift; path = SlideoutMenuUITests.swift; sourceTree = "<group>"; };
		092EF36F1BE9E89000A18B40 /* Info.plist */ = {isa = PBXFileReference; lastKnownFileType = text.plist.xml; path = Info.plist; sourceTree = "<group>"; };
		096267B31C25D2120067EE02 /* SWRevealViewController.m */ = {isa = PBXFileReference; fileEncoding = 4; lastKnownFileType = sourcecode.c.objc; path = SWRevealViewController.m; sourceTree = "<group>"; };
		096267B41C25D2120067EE02 /* SWRevealViewController.h */ = {isa = PBXFileReference; fileEncoding = 4; lastKnownFileType = sourcecode.c.h; path = SWRevealViewController.h; sourceTree = "<group>"; };
		097E2AE51BFB42C800BA7759 /* Swipe.swift */ = {isa = PBXFileReference; fileEncoding = 4; lastKnownFileType = sourcecode.swift; path = Swipe.swift; sourceTree = "<group>"; };
		097E2AED1BFCD88C00BA7759 /* FbLoginController.swift */ = {isa = PBXFileReference; fileEncoding = 4; lastKnownFileType = sourcecode.swift; path = FbLoginController.swift; sourceTree = "<group>"; };
		098902491BFCF96D009397D8 /* Bolts.framework */ = {isa = PBXFileReference; lastKnownFileType = wrapper.framework; path = Bolts.framework; sourceTree = "<group>"; };
		09D9B0D51C1C00E800AB45E5 /* CustomOverlayView.swift */ = {isa = PBXFileReference; fileEncoding = 4; lastKnownFileType = sourcecode.swift; path = CustomOverlayView.swift; sourceTree = "<group>"; };
		09D9B0D71C1C027A00AB45E5 /* CustomOverlayView.xib */ = {isa = PBXFileReference; fileEncoding = 4; lastKnownFileType = file.xib; path = CustomOverlayView.xib; sourceTree = "<group>"; };
		09D9B0D91C1C034900AB45E5 /* ExampleOverlayView.swift */ = {isa = PBXFileReference; fileEncoding = 4; lastKnownFileType = sourcecode.swift; path = ExampleOverlayView.swift; sourceTree = "<group>"; };
		7558440FA1425813D9A97ACA /* Pods-SlideoutMenu.release.xcconfig */ = {isa = PBXFileReference; includeInIndex = 1; lastKnownFileType = text.xcconfig; name = "Pods-SlideoutMenu.release.xcconfig"; path = "Pods/Target Support Files/Pods-SlideoutMenu/Pods-SlideoutMenu.release.xcconfig"; sourceTree = "<group>"; };
		8613A9DC8D131C5B21616983 /* Pods_SlideoutMenu.framework */ = {isa = PBXFileReference; explicitFileType = wrapper.framework; includeInIndex = 0; path = Pods_SlideoutMenu.framework; sourceTree = BUILT_PRODUCTS_DIR; };
		D33D2A74619529C46327F23A /* Pods-SlideoutMenu.debug.xcconfig */ = {isa = PBXFileReference; includeInIndex = 1; lastKnownFileType = text.xcconfig; name = "Pods-SlideoutMenu.debug.xcconfig"; path = "Pods/Target Support Files/Pods-SlideoutMenu/Pods-SlideoutMenu.debug.xcconfig"; sourceTree = "<group>"; };
/* End PBXFileReference section */

/* Begin PBXFrameworksBuildPhase section */
		092EF3471BE9E89000A18B40 /* Frameworks */ = {
			isa = PBXFrameworksBuildPhase;
			buildActionMask = 2147483647;
			files = (
				0921CCB51BFF3F9E00732331 /* CoreLocation.framework in Frameworks */,
				0989024A1BFCF96D009397D8 /* Bolts.framework in Frameworks */,
				090C12A31BFCEF2C008D1218 /* FBSDKLoginKit.framework in Frameworks */,
				090C12A21BFCEF2C008D1218 /* FBSDKCoreKit.framework in Frameworks */,
				7C6E718FC79393F3F514CDA6 /* Pods_SlideoutMenu.framework in Frameworks */,
			);
			runOnlyForDeploymentPostprocessing = 0;
		};
		092EF35B1BE9E89000A18B40 /* Frameworks */ = {
			isa = PBXFrameworksBuildPhase;
			buildActionMask = 2147483647;
			files = (
			);
			runOnlyForDeploymentPostprocessing = 0;
		};
		092EF3661BE9E89000A18B40 /* Frameworks */ = {
			isa = PBXFrameworksBuildPhase;
			buildActionMask = 2147483647;
			files = (
			);
			runOnlyForDeploymentPostprocessing = 0;
		};
/* End PBXFrameworksBuildPhase section */

/* Begin PBXGroup section */
		0917AD831BECC66E0061BB2B /* Supporting Files */ = {
			isa = PBXGroup;
			children = (
				096267B31C25D2120067EE02 /* SWRevealViewController.m */,
				096267B41C25D2120067EE02 /* SWRevealViewController.h */,
				0917AD841BECC6990061BB2B /* SlideoutMenu-Bridging-Header.h */,
			);
			name = "Supporting Files";
			sourceTree = "<group>";
		};
		092EF3411BE9E89000A18B40 = {
			isa = PBXGroup;
			children = (
				092EF34C1BE9E89000A18B40 /* SlideoutMenu */,
				092EF3611BE9E89000A18B40 /* SlideoutMenuTests */,
				092EF36C1BE9E89000A18B40 /* SlideoutMenuUITests */,
				092EF34B1BE9E89000A18B40 /* Products */,
				7C328B7F91254B9C8DD58921 /* Pods */,
				60C690ACB4239DDFF69AD878 /* Frameworks */,
			);
			sourceTree = "<group>";
		};
		092EF34B1BE9E89000A18B40 /* Products */ = {
			isa = PBXGroup;
			children = (
				092EF34A1BE9E89000A18B40 /* SlideoutMenu.app */,
				092EF35E1BE9E89000A18B40 /* SlideoutMenuTests.xctest */,
				092EF3691BE9E89000A18B40 /* SlideoutMenuUITests.xctest */,
			);
			name = Products;
			sourceTree = "<group>";
		};
		092EF34C1BE9E89000A18B40 /* SlideoutMenu */ = {
			isa = PBXGroup;
			children = (
				0921CCB41BFF3F9E00732331 /* CoreLocation.framework */,
				098902491BFCF96D009397D8 /* Bolts.framework */,
				090C12A01BFCEF2C008D1218 /* FBSDKCoreKit.framework */,
				090C12A11BFCEF2C008D1218 /* FBSDKLoginKit.framework */,
				0917AD831BECC66E0061BB2B /* Supporting Files */,
				092EF34D1BE9E89000A18B40 /* AppDelegate.swift */,
				092EF34F1BE9E89000A18B40 /* GetGeoData.swift */,
				092EF3511BE9E89000A18B40 /* Main.storyboard */,
				091B3AB01C0C22DC00166A96 /* CustomKolodaView.swift */,
				091B3AA41C0C1D0C00166A96 /* BackgroundAnimationViewController.swift */,
				091B3AAE1C0C203C00166A96 /* OverlayView.swift */,
				091B3AAC1C0C203500166A96 /* DraggableCardView.swift */,
				091B3AA71C0C1D0C00166A96 /* KolodaView.swift */,
				097E2AE51BFB42C800BA7759 /* Swipe.swift */,
				0917AD881BECCCEC0061BB2B /* BackTableVC.swift */,
				092EF3541BE9E89000A18B40 /* Assets.xcassets */,
				092EF3561BE9E89000A18B40 /* LaunchScreen.storyboard */,
				092EF3591BE9E89000A18B40 /* Info.plist */,
				097E2AED1BFCD88C00BA7759 /* FbLoginController.swift */,
				09D9B0D51C1C00E800AB45E5 /* CustomOverlayView.swift */,
				09D9B0D71C1C027A00AB45E5 /* CustomOverlayView.xib */,
				09D9B0D91C1C034900AB45E5 /* ExampleOverlayView.swift */,
			);
			path = SlideoutMenu;
			sourceTree = "<group>";
		};
		092EF3611BE9E89000A18B40 /* SlideoutMenuTests */ = {
			isa = PBXGroup;
			children = (
				092EF3621BE9E89000A18B40 /* SlideoutMenuTests.swift */,
				092EF3641BE9E89000A18B40 /* Info.plist */,
			);
			path = SlideoutMenuTests;
			sourceTree = "<group>";
		};
		092EF36C1BE9E89000A18B40 /* SlideoutMenuUITests */ = {
			isa = PBXGroup;
			children = (
				092EF36D1BE9E89000A18B40 /* SlideoutMenuUITests.swift */,
				092EF36F1BE9E89000A18B40 /* Info.plist */,
			);
			path = SlideoutMenuUITests;
			sourceTree = "<group>";
		};
		60C690ACB4239DDFF69AD878 /* Frameworks */ = {
			isa = PBXGroup;
			children = (
				8613A9DC8D131C5B21616983 /* Pods_SlideoutMenu.framework */,
			);
			name = Frameworks;
			sourceTree = "<group>";
		};
		7C328B7F91254B9C8DD58921 /* Pods */ = {
			isa = PBXGroup;
			children = (
				D33D2A74619529C46327F23A /* Pods-SlideoutMenu.debug.xcconfig */,
				7558440FA1425813D9A97ACA /* Pods-SlideoutMenu.release.xcconfig */,
			);
			name = Pods;
			sourceTree = "<group>";
		};
/* End PBXGroup section */

/* Begin PBXNativeTarget section */
		092EF3491BE9E89000A18B40 /* SlideoutMenu */ = {
			isa = PBXNativeTarget;
			buildConfigurationList = 092EF3721BE9E89000A18B40 /* Build configuration list for PBXNativeTarget "SlideoutMenu" */;
			buildPhases = (
				DA92AB7912D8229AA4A73B05 /* Check Pods Manifest.lock */,
				092EF3461BE9E89000A18B40 /* Sources */,
				092EF3471BE9E89000A18B40 /* Frameworks */,
				092EF3481BE9E89000A18B40 /* Resources */,
				5E02EDC012B831DC5ADD8B18 /* Embed Pods Frameworks */,
				50D0C7C90958AE4D8B233E3D /* Copy Pods Resources */,
			);
			buildRules = (
			);
			dependencies = (
			);
			name = SlideoutMenu;
			productName = SlideoutMenu;
			productReference = 092EF34A1BE9E89000A18B40 /* SlideoutMenu.app */;
			productType = "com.apple.product-type.application";
		};
		092EF35D1BE9E89000A18B40 /* SlideoutMenuTests */ = {
			isa = PBXNativeTarget;
			buildConfigurationList = 092EF3751BE9E89000A18B40 /* Build configuration list for PBXNativeTarget "SlideoutMenuTests" */;
			buildPhases = (
				092EF35A1BE9E89000A18B40 /* Sources */,
				092EF35B1BE9E89000A18B40 /* Frameworks */,
				092EF35C1BE9E89000A18B40 /* Resources */,
			);
			buildRules = (
			);
			dependencies = (
				092EF3601BE9E89000A18B40 /* PBXTargetDependency */,
			);
			name = SlideoutMenuTests;
			productName = SlideoutMenuTests;
			productReference = 092EF35E1BE9E89000A18B40 /* SlideoutMenuTests.xctest */;
			productType = "com.apple.product-type.bundle.unit-test";
		};
		092EF3681BE9E89000A18B40 /* SlideoutMenuUITests */ = {
			isa = PBXNativeTarget;
			buildConfigurationList = 092EF3781BE9E89000A18B40 /* Build configuration list for PBXNativeTarget "SlideoutMenuUITests" */;
			buildPhases = (
				092EF3651BE9E89000A18B40 /* Sources */,
				092EF3661BE9E89000A18B40 /* Frameworks */,
				092EF3671BE9E89000A18B40 /* Resources */,
			);
			buildRules = (
			);
			dependencies = (
				092EF36B1BE9E89000A18B40 /* PBXTargetDependency */,
			);
			name = SlideoutMenuUITests;
			productName = SlideoutMenuUITests;
			productReference = 092EF3691BE9E89000A18B40 /* SlideoutMenuUITests.xctest */;
			productType = "com.apple.product-type.bundle.ui-testing";
		};
/* End PBXNativeTarget section */

/* Begin PBXProject section */
		092EF3421BE9E89000A18B40 /* Project object */ = {
			isa = PBXProject;
			attributes = {
				LastSwiftUpdateCheck = 0710;
				LastUpgradeCheck = 0710;
				ORGANIZATIONNAME = "Somesh Vyas";
				TargetAttributes = {
					092EF3491BE9E89000A18B40 = {
						CreatedOnToolsVersion = 7.1;
					};
					092EF35D1BE9E89000A18B40 = {
						CreatedOnToolsVersion = 7.1;
						TestTargetID = 092EF3491BE9E89000A18B40;
					};
					092EF3681BE9E89000A18B40 = {
						CreatedOnToolsVersion = 7.1;
						TestTargetID = 092EF3491BE9E89000A18B40;
					};
				};
			};
			buildConfigurationList = 092EF3451BE9E89000A18B40 /* Build configuration list for PBXProject "SlideoutMenu" */;
			compatibilityVersion = "Xcode 3.2";
			developmentRegion = English;
			hasScannedForEncodings = 0;
			knownRegions = (
				en,
				Base,
			);
			mainGroup = 092EF3411BE9E89000A18B40;
			productRefGroup = 092EF34B1BE9E89000A18B40 /* Products */;
			projectDirPath = "";
			projectRoot = "";
			targets = (
				092EF3491BE9E89000A18B40 /* SlideoutMenu */,
				092EF35D1BE9E89000A18B40 /* SlideoutMenuTests */,
				092EF3681BE9E89000A18B40 /* SlideoutMenuUITests */,
			);
		};
/* End PBXProject section */

/* Begin PBXResourcesBuildPhase section */
		092EF3481BE9E89000A18B40 /* Resources */ = {
			isa = PBXResourcesBuildPhase;
			buildActionMask = 2147483647;
			files = (
				092EF3581BE9E89000A18B40 /* LaunchScreen.storyboard in Resources */,
				09D9B0D81C1C027A00AB45E5 /* CustomOverlayView.xib in Resources */,
				092EF3551BE9E89000A18B40 /* Assets.xcassets in Resources */,
				092EF3531BE9E89000A18B40 /* Main.storyboard in Resources */,
			);
			runOnlyForDeploymentPostprocessing = 0;
		};
		092EF35C1BE9E89000A18B40 /* Resources */ = {
			isa = PBXResourcesBuildPhase;
			buildActionMask = 2147483647;
			files = (
			);
			runOnlyForDeploymentPostprocessing = 0;
		};
		092EF3671BE9E89000A18B40 /* Resources */ = {
			isa = PBXResourcesBuildPhase;
			buildActionMask = 2147483647;
			files = (
			);
			runOnlyForDeploymentPostprocessing = 0;
		};
/* End PBXResourcesBuildPhase section */

/* Begin PBXShellScriptBuildPhase section */
		50D0C7C90958AE4D8B233E3D /* Copy Pods Resources */ = {
			isa = PBXShellScriptBuildPhase;
			buildActionMask = 2147483647;
			files = (
			);
			inputPaths = (
			);
			name = "Copy Pods Resources";
			outputPaths = (
			);
			runOnlyForDeploymentPostprocessing = 0;
			shellPath = /bin/sh;
			shellScript = "\"${SRCROOT}/Pods/Target Support Files/Pods-SlideoutMenu/Pods-SlideoutMenu-resources.sh\"\n";
			showEnvVarsInLog = 0;
		};
		5E02EDC012B831DC5ADD8B18 /* Embed Pods Frameworks */ = {
			isa = PBXShellScriptBuildPhase;
			buildActionMask = 2147483647;
			files = (
			);
			inputPaths = (
			);
			name = "Embed Pods Frameworks";
			outputPaths = (
			);
			runOnlyForDeploymentPostprocessing = 0;
			shellPath = /bin/sh;
			shellScript = "\"${SRCROOT}/Pods/Target Support Files/Pods-SlideoutMenu/Pods-SlideoutMenu-frameworks.sh\"\n";
			showEnvVarsInLog = 0;
		};
		DA92AB7912D8229AA4A73B05 /* Check Pods Manifest.lock */ = {
			isa = PBXShellScriptBuildPhase;
			buildActionMask = 2147483647;
			files = (
			);
			inputPaths = (
			);
			name = "Check Pods Manifest.lock";
			outputPaths = (
			);
			runOnlyForDeploymentPostprocessing = 0;
			shellPath = /bin/sh;
			shellScript = "diff \"${PODS_ROOT}/../Podfile.lock\" \"${PODS_ROOT}/Manifest.lock\" > /dev/null\nif [[ $? != 0 ]] ; then\n    cat << EOM\nerror: The sandbox is not in sync with the Podfile.lock. Run 'pod install' or update your CocoaPods installation.\nEOM\n    exit 1\nfi\n";
			showEnvVarsInLog = 0;
		};
/* End PBXShellScriptBuildPhase section */

/* Begin PBXSourcesBuildPhase section */
		092EF3461BE9E89000A18B40 /* Sources */ = {
			isa = PBXSourcesBuildPhase;
			buildActionMask = 2147483647;
			files = (
				096267B51C25D2120067EE02 /* SWRevealViewController.m in Sources */,
				091B3AB11C0C22DC00166A96 /* CustomKolodaView.swift in Sources */,
				091B3AAB1C0C1D0C00166A96 /* KolodaView.swift in Sources */,
				09D9B0D61C1C00E800AB45E5 /* CustomOverlayView.swift in Sources */,
				091B3AAD1C0C203500166A96 /* DraggableCardView.swift in Sources */,
				092EF3501BE9E89000A18B40 /* GetGeoData.swift in Sources */,
				092EF34E1BE9E89000A18B40 /* AppDelegate.swift in Sources */,
				097E2AE61BFB42C800BA7759 /* Swipe.swift in Sources */,
				097E2AEE1BFCD88C00BA7759 /* FbLoginController.swift in Sources */,
				0917AD891BECCCEC0061BB2B /* BackTableVC.swift in Sources */,
				091B3AA81C0C1D0C00166A96 /* BackgroundAnimationViewController.swift in Sources */,
				091B3AAF1C0C203C00166A96 /* OverlayView.swift in Sources */,
				09D9B0DA1C1C034900AB45E5 /* ExampleOverlayView.swift in Sources */,
			);
			runOnlyForDeploymentPostprocessing = 0;
		};
		092EF35A1BE9E89000A18B40 /* Sources */ = {
			isa = PBXSourcesBuildPhase;
			buildActionMask = 2147483647;
			files = (
				092EF3631BE9E89000A18B40 /* SlideoutMenuTests.swift in Sources */,
			);
			runOnlyForDeploymentPostprocessing = 0;
		};
		092EF3651BE9E89000A18B40 /* Sources */ = {
			isa = PBXSourcesBuildPhase;
			buildActionMask = 2147483647;
			files = (
				092EF36E1BE9E89000A18B40 /* SlideoutMenuUITests.swift in Sources */,
			);
			runOnlyForDeploymentPostprocessing = 0;
		};
/* End PBXSourcesBuildPhase section */

/* Begin PBXTargetDependency section */
		092EF3601BE9E89000A18B40 /* PBXTargetDependency */ = {
			isa = PBXTargetDependency;
			target = 092EF3491BE9E89000A18B40 /* SlideoutMenu */;
			targetProxy = 092EF35F1BE9E89000A18B40 /* PBXContainerItemProxy */;
		};
		092EF36B1BE9E89000A18B40 /* PBXTargetDependency */ = {
			isa = PBXTargetDependency;
			target = 092EF3491BE9E89000A18B40 /* SlideoutMenu */;
			targetProxy = 092EF36A1BE9E89000A18B40 /* PBXContainerItemProxy */;
		};
/* End PBXTargetDependency section */

/* Begin PBXVariantGroup section */
		092EF3511BE9E89000A18B40 /* Main.storyboard */ = {
			isa = PBXVariantGroup;
			children = (
				092EF3521BE9E89000A18B40 /* Base */,
			);
			name = Main.storyboard;
			sourceTree = "<group>";
		};
		092EF3561BE9E89000A18B40 /* LaunchScreen.storyboard */ = {
			isa = PBXVariantGroup;
			children = (
				092EF3571BE9E89000A18B40 /* Base */,
			);
			name = LaunchScreen.storyboard;
			sourceTree = "<group>";
		};
/* End PBXVariantGroup section */

/* Begin XCBuildConfiguration section */
		092EF3701BE9E89000A18B40 /* Debug */ = {
			isa = XCBuildConfiguration;
			buildSettings = {
				ALWAYS_SEARCH_USER_PATHS = NO;
				CLANG_CXX_LANGUAGE_STANDARD = "gnu++0x";
				CLANG_CXX_LIBRARY = "libc++";
				CLANG_ENABLE_MODULES = YES;
				CLANG_ENABLE_OBJC_ARC = YES;
				CLANG_WARN_BOOL_CONVERSION = YES;
				CLANG_WARN_CONSTANT_CONVERSION = YES;
				CLANG_WARN_DIRECT_OBJC_ISA_USAGE = YES_ERROR;
				CLANG_WARN_EMPTY_BODY = YES;
				CLANG_WARN_ENUM_CONVERSION = YES;
				CLANG_WARN_INT_CONVERSION = YES;
				CLANG_WARN_OBJC_ROOT_CLASS = YES_ERROR;
				CLANG_WARN_UNREACHABLE_CODE = YES;
				CLANG_WARN__DUPLICATE_METHOD_MATCH = YES;
				"CODE_SIGN_IDENTITY[sdk=iphoneos*]" = "iPhone Developer";
				COPY_PHASE_STRIP = NO;
				DEBUG_INFORMATION_FORMAT = dwarf;
				ENABLE_STRICT_OBJC_MSGSEND = YES;
				ENABLE_TESTABILITY = YES;
				GCC_C_LANGUAGE_STANDARD = gnu99;
				GCC_DYNAMIC_NO_PIC = NO;
				GCC_NO_COMMON_BLOCKS = YES;
				GCC_OPTIMIZATION_LEVEL = 0;
				GCC_PREPROCESSOR_DEFINITIONS = (
					"DEBUG=1",
					"$(inherited)",
				);
				GCC_WARN_64_TO_32_BIT_CONVERSION = YES;
				GCC_WARN_ABOUT_RETURN_TYPE = YES_ERROR;
				GCC_WARN_UNDECLARED_SELECTOR = YES;
				GCC_WARN_UNINITIALIZED_AUTOS = YES_AGGRESSIVE;
				GCC_WARN_UNUSED_FUNCTION = YES;
				GCC_WARN_UNUSED_VARIABLE = YES;
				IPHONEOS_DEPLOYMENT_TARGET = 9.1;
				MTL_ENABLE_DEBUG_INFO = YES;
				ONLY_ACTIVE_ARCH = YES;
				SDKROOT = iphoneos;
				SWIFT_OPTIMIZATION_LEVEL = "-Onone";
				TARGETED_DEVICE_FAMILY = "1,2";
			};
			name = Debug;
		};
		092EF3711BE9E89000A18B40 /* Release */ = {
			isa = XCBuildConfiguration;
			buildSettings = {
				ALWAYS_SEARCH_USER_PATHS = NO;
				CLANG_CXX_LANGUAGE_STANDARD = "gnu++0x";
				CLANG_CXX_LIBRARY = "libc++";
				CLANG_ENABLE_MODULES = YES;
				CLANG_ENABLE_OBJC_ARC = YES;
				CLANG_WARN_BOOL_CONVERSION = YES;
				CLANG_WARN_CONSTANT_CONVERSION = YES;
				CLANG_WARN_DIRECT_OBJC_ISA_USAGE = YES_ERROR;
				CLANG_WARN_EMPTY_BODY = YES;
				CLANG_WARN_ENUM_CONVERSION = YES;
				CLANG_WARN_INT_CONVERSION = YES;
				CLANG_WARN_OBJC_ROOT_CLASS = YES_ERROR;
				CLANG_WARN_UNREACHABLE_CODE = YES;
				CLANG_WARN__DUPLICATE_METHOD_MATCH = YES;
				"CODE_SIGN_IDENTITY[sdk=iphoneos*]" = "iPhone Developer";
				COPY_PHASE_STRIP = NO;
				DEBUG_INFORMATION_FORMAT = "dwarf-with-dsym";
				ENABLE_NS_ASSERTIONS = NO;
				ENABLE_STRICT_OBJC_MSGSEND = YES;
				GCC_C_LANGUAGE_STANDARD = gnu99;
				GCC_NO_COMMON_BLOCKS = YES;
				GCC_WARN_64_TO_32_BIT_CONVERSION = YES;
				GCC_WARN_ABOUT_RETURN_TYPE = YES_ERROR;
				GCC_WARN_UNDECLARED_SELECTOR = YES;
				GCC_WARN_UNINITIALIZED_AUTOS = YES_AGGRESSIVE;
				GCC_WARN_UNUSED_FUNCTION = YES;
				GCC_WARN_UNUSED_VARIABLE = YES;
				IPHONEOS_DEPLOYMENT_TARGET = 9.1;
				MTL_ENABLE_DEBUG_INFO = NO;
				SDKROOT = iphoneos;
				TARGETED_DEVICE_FAMILY = "1,2";
				VALIDATE_PRODUCT = YES;
			};
			name = Release;
		};
		092EF3731BE9E89000A18B40 /* Debug */ = {
			isa = XCBuildConfiguration;
			baseConfigurationReference = D33D2A74619529C46327F23A /* Pods-SlideoutMenu.debug.xcconfig */;
			buildSettings = {
				ASSETCATALOG_COMPILER_APPICON_NAME = AppIcon;
				CLANG_ENABLE_MODULES = YES;
				FRAMEWORK_SEARCH_PATHS = (
					"$(inherited)",
					"$(PROJECT_DIR)/SlideoutMenu",
				);
				INFOPLIST_FILE = SlideoutMenu/Info.plist;
				LD_RUNPATH_SEARCH_PATHS = "$(inherited) @executable_path/Frameworks";
				PRODUCT_BUNDLE_IDENTIFIER = vyas.somesh.chekkar;
				PRODUCT_NAME = "$(TARGET_NAME)";
				SWIFT_OBJC_BRIDGING_HEADER = "SlideoutMenu/SlideoutMenu-Bridging-Header.h";
				SWIFT_OPTIMIZATION_LEVEL = "-Onone";
			};
			name = Debug;
		};
		092EF3741BE9E89000A18B40 /* Release */ = {
			isa = XCBuildConfiguration;
			baseConfigurationReference = 7558440FA1425813D9A97ACA /* Pods-SlideoutMenu.release.xcconfig */;
			buildSettings = {
				ASSETCATALOG_COMPILER_APPICON_NAME = AppIcon;
				CLANG_ENABLE_MODULES = YES;
				FRAMEWORK_SEARCH_PATHS = (
					"$(inherited)",
					"$(PROJECT_DIR)/SlideoutMenu",
				);
				INFOPLIST_FILE = SlideoutMenu/Info.plist;
				LD_RUNPATH_SEARCH_PATHS = "$(inherited) @executable_path/Frameworks";
				PRODUCT_BUNDLE_IDENTIFIER = vyas.somesh.chekkar;
				PRODUCT_NAME = "$(TARGET_NAME)";
				SWIFT_OBJC_BRIDGING_HEADER = "SlideoutMenu/SlideoutMenu-Bridging-Header.h";
			};
			name = Release;
		};
		092EF3761BE9E89000A18B40 /* Debug */ = {
			isa = XCBuildConfiguration;
			buildSettings = {
				BUNDLE_LOADER = "$(TEST_HOST)";
				INFOPLIST_FILE = SlideoutMenuTests/Info.plist;
				LD_RUNPATH_SEARCH_PATHS = "$(inherited) @executable_path/Frameworks @loader_path/Frameworks";
				PRODUCT_BUNDLE_IDENTIFIER = bookmyshow.SlideoutMenuTests;
				PRODUCT_NAME = "$(TARGET_NAME)";
				TEST_HOST = "$(BUILT_PRODUCTS_DIR)/SlideoutMenu.app/SlideoutMenu";
			};
			name = Debug;
		};
		092EF3771BE9E89000A18B40 /* Release */ = {
			isa = XCBuildConfiguration;
			buildSettings = {
				BUNDLE_LOADER = "$(TEST_HOST)";
				INFOPLIST_FILE = SlideoutMenuTests/Info.plist;
				LD_RUNPATH_SEARCH_PATHS = "$(inherited) @executable_path/Frameworks @loader_path/Frameworks";
				PRODUCT_BUNDLE_IDENTIFIER = bookmyshow.SlideoutMenuTests;
				PRODUCT_NAME = "$(TARGET_NAME)";
				TEST_HOST = "$(BUILT_PRODUCTS_DIR)/SlideoutMenu.app/SlideoutMenu";
			};
			name = Release;
		};
		092EF3791BE9E89000A18B40 /* Debug */ = {
			isa = XCBuildConfiguration;
			buildSettings = {
				INFOPLIST_FILE = SlideoutMenuUITests/Info.plist;
				LD_RUNPATH_SEARCH_PATHS = "$(inherited) @executable_path/Frameworks @loader_path/Frameworks";
				PRODUCT_BUNDLE_IDENTIFIER = bookmyshow.SlideoutMenuUITests;
				PRODUCT_NAME = "$(TARGET_NAME)";
				TEST_TARGET_NAME = SlideoutMenu;
				USES_XCTRUNNER = YES;
			};
			name = Debug;
		};
		092EF37A1BE9E89000A18B40 /* Release */ = {
			isa = XCBuildConfiguration;
			buildSettings = {
				INFOPLIST_FILE = SlideoutMenuUITests/Info.plist;
				LD_RUNPATH_SEARCH_PATHS = "$(inherited) @executable_path/Frameworks @loader_path/Frameworks";
				PRODUCT_BUNDLE_IDENTIFIER = bookmyshow.SlideoutMenuUITests;
				PRODUCT_NAME = "$(TARGET_NAME)";
				TEST_TARGET_NAME = SlideoutMenu;
				USES_XCTRUNNER = YES;
			};
			name = Release;
		};
/* End XCBuildConfiguration section */

/* Begin XCConfigurationList section */
		092EF3451BE9E89000A18B40 /* Build configuration list for PBXProject "SlideoutMenu" */ = {
			isa = XCConfigurationList;
			buildConfigurations = (
				092EF3701BE9E89000A18B40 /* Debug */,
				092EF3711BE9E89000A18B40 /* Release */,
			);
			defaultConfigurationIsVisible = 0;
			defaultConfigurationName = Release;
		};
		092EF3721BE9E89000A18B40 /* Build configuration list for PBXNativeTarget "SlideoutMenu" */ = {
			isa = XCConfigurationList;
			buildConfigurations = (
				092EF3731BE9E89000A18B40 /* Debug */,
				092EF3741BE9E89000A18B40 /* Release */,
			);
			defaultConfigurationIsVisible = 0;
			defaultConfigurationName = Release;
		};
		092EF3751BE9E89000A18B40 /* Build configuration list for PBXNativeTarget "SlideoutMenuTests" */ = {
			isa = XCConfigurationList;
			buildConfigurations = (
				092EF3761BE9E89000A18B40 /* Debug */,
				092EF3771BE9E89000A18B40 /* Release */,
			);
			defaultConfigurationIsVisible = 0;
			defaultConfigurationName = Release;
		};
		092EF3781BE9E89000A18B40 /* Build configuration list for PBXNativeTarget "SlideoutMenuUITests" */ = {
			isa = XCConfigurationList;
			buildConfigurations = (
				092EF3791BE9E89000A18B40 /* Debug */,
				092EF37A1BE9E89000A18B40 /* Release */,
			);
			defaultConfigurationIsVisible = 0;
			defaultConfigurationName = Release;
		};
/* End XCConfigurationList section */
	};
	rootObject = 092EF3421BE9E89000A18B40 /* Project object */;
}
